
Microsoft Visual Studio Solution File, Format Version 12.00
# Visual Studio Version 17
VisualStudioVersion = 17.11.35208.52
MinimumVisualStudioVersion = 10.0.40219.1
Project("{9A19103F-16F7-4668-BE54-9A1E7A4F7556}") = "Codespirals.Web", "Codespirals.Web.csproj", "{C69EFFCA-E641-4DA0-BA92-60653BBC27D8}"
EndProject
Project("{E24C65DC-7377-472B-9ABA-BC803B73C61A}") = "Codespirals.github.io", "..\", "{FEFFB2BA-1368-4D2E-AFF2-44E9D039A346}"
	ProjectSection(WebsiteProperties) = preProject
		TargetFrameworkMoniker = ".NETFramework,Version%3Dv4.8"
		Debug.AspNetCompiler.VirtualPath = "/localhost_49571"
		Debug.AspNetCompiler.PhysicalPath = "..\..\Codespirals.github.io\"
		Debug.AspNetCompiler.TargetPath = "PrecompiledWeb\localhost_49571\"
		Debug.AspNetCompiler.Updateable = "true"
		Debug.AspNetCompiler.ForceOverwrite = "true"
		Debug.AspNetCompiler.FixedNames = "false"
		Debug.AspNetCompiler.Debug = "True"
		Release.AspNetCompiler.VirtualPath = "/localhost_49571"
		Release.AspNetCompiler.PhysicalPath = "..\..\Codespirals.github.io\"
		Release.AspNetCompiler.TargetPath = "PrecompiledWeb\localhost_49571\"
		Release.AspNetCompiler.Updateable = "true"
		Release.AspNetCompiler.ForceOverwrite = "true"
		Release.AspNetCompiler.FixedNames = "false"
		Release.AspNetCompiler.Debug = "False"
		VWDPort = "49571"
		SlnRelativePath = "..\..\Codespirals.github.io\"
	EndProjectSection
EndProject
Global
	GlobalSection(SolutionConfigurationPlatforms) = preSolution
		Debug|Any CPU = Debug|Any CPU
		Release|Any CPU = Release|Any CPU
	EndGlobalSection
	GlobalSection(ProjectConfigurationPlatforms) = postSolution
		{C69EFFCA-E641-4DA0-BA92-60653BBC27D8}.Debug|Any CPU.ActiveCfg = Debug|Any CPU
		{C69EFFCA-E641-4DA0-BA92-60653BBC27D8}.Debug|Any CPU.Build.0 = Debug|Any CPU
		{C69EFFCA-E641-4DA0-BA92-60653BBC27D8}.Release|Any CPU.ActiveCfg = Release|Any CPU
		{C69EFFCA-E641-4DA0-BA92-60653BBC27D8}.Release|Any CPU.Build.0 = Release|Any CPU
		{FEFFB2BA-1368-4D2E-AFF2-44E9D039A346}.Debug|Any CPU.ActiveCfg = Debug|Any CPU
		{FEFFB2BA-1368-4D2E-AFF2-44E9D039A346}.Debug|Any CPU.Build.0 = Debug|Any CPU
		{FEFFB2BA-1368-4D2E-AFF2-44E9D039A346}.Release|Any CPU.ActiveCfg = Debug|Any CPU
		{FEFFB2BA-1368-4D2E-AFF2-44E9D039A346}.Release|Any CPU.Build.0 = Debug|Any CPU
	EndGlobalSection
	GlobalSection(SolutionProperties) = preSolution
		HideSolutionNode = FALSE
	EndGlobalSection
	GlobalSection(ExtensibilityGlobals) = postSolution
		SolutionGuid = {8E173AB2-BEEF-442A-94E0-159BA797A46F}
	EndGlobalSection
EndGlobal
